
Microsoft Visual Studio Solution File, Format Version 12.00
# Visual Studio Version 17
VisualStudioVersion = 17.14.36414.22
MinimumVisualStudioVersion = 10.0.40219.1
Project("{FAE04EC0-301F-11D3-BF4B-00C04F79EFBC}") = "task1", "task1\task1.csproj", "{FAEBF7DC-0EE4-477D-941F-8FABA045FBDE}"
EndProject
Project("{FAE04EC0-301F-11D3-BF4B-00C04F79EFBC}") = "task2", "task2\task2.csproj", "{BCF1D521-2928-4E28-9C32-00F83BBC1A4B}"
EndProject
Project("{FAE04EC0-301F-11D3-BF4B-00C04F79EFBC}") = "task3", "task3\task3.csproj", "{FF20C1A8-D1DC-4BA0-9056-DF36BD216356}"
EndProject
Global
	GlobalSection(SolutionConfigurationPlatforms) = preSolution
		Debug|Any CPU = Debug|Any CPU
		Release|Any CPU = Release|Any CPU
	EndGlobalSection
	GlobalSection(ProjectConfigurationPlatforms) = postSolution
		{FAEBF7DC-0EE4-477D-941F-8FABA045FBDE}.Debug|Any CPU.ActiveCfg = Debug|Any CPU
		{FAEBF7DC-0EE4-477D-941F-8FABA045FBDE}.Debug|Any CPU.Build.0 = Debug|Any CPU
		{FAEBF7DC-0EE4-477D-941F-8FABA045FBDE}.Release|Any CPU.ActiveCfg = Release|Any CPU
		{FAEBF7DC-0EE4-477D-941F-8FABA045FBDE}.Release|Any CPU.Build.0 = Release|Any CPU
		{BCF1D521-2928-4E28-9C32-00F83BBC1A4B}.Debug|Any CPU.ActiveCfg = Debug|Any CPU
		{BCF1D521-2928-4E28-9C32-00F83BBC1A4B}.Debug|Any CPU.Build.0 = Debug|Any CPU
		{BCF1D521-2928-4E28-9C32-00F83BBC1A4B}.Release|Any CPU.ActiveCfg = Release|Any CPU
		{BCF1D521-2928-4E28-9C32-00F83BBC1A4B}.Release|Any CPU.Build.0 = Release|Any CPU
		{FF20C1A8-D1DC-4BA0-9056-DF36BD216356}.Debug|Any CPU.ActiveCfg = Debug|Any CPU
		{FF20C1A8-D1DC-4BA0-9056-DF36BD216356}.Debug|Any CPU.Build.0 = Debug|Any CPU
		{FF20C1A8-D1DC-4BA0-9056-DF36BD216356}.Release|Any CPU.ActiveCfg = Release|Any CPU
		{FF20C1A8-D1DC-4BA0-9056-DF36BD216356}.Release|Any CPU.Build.0 = Release|Any CPU
	EndGlobalSection
	GlobalSection(SolutionProperties) = preSolution
		HideSolutionNode = FALSE
	EndGlobalSection
	GlobalSection(ExtensibilityGlobals) = postSolution
		SolutionGuid = {5E346B3A-6E7C-4A56-AFDA-B7C6A9B8854B}
	EndGlobalSection
EndGlobal
